
Microsoft Visual Studio Solution File, Format Version 12.00
# Visual Studio Version 16
VisualStudioVersion = 16.0.29123.88
MinimumVisualStudioVersion = 10.0.40219.1
Project("{FAE04EC0-301F-11D3-BF4B-00C04F79EFBC}") = "Channel Grabber", "Channel Grabber\Channel Grabber.csproj", "{09B7F84A-B5B9-49DC-B6B4-200B9417EC45}"
EndProject
Global
	GlobalSection(SolutionConfigurationPlatforms) = preSolution
		Debug|Any CPU = Debug|Any CPU
		Release|Any CPU = Release|Any CPU
	EndGlobalSection
	GlobalSection(ProjectConfigurationPlatforms) = postSolution
		{09B7F84A-B5B9-49DC-B6B4-200B9417EC45}.Debug|Any CPU.ActiveCfg = Debug|Any CPU
		{09B7F84A-B5B9-49DC-B6B4-200B9417EC45}.Debug|Any CPU.Build.0 = Debug|Any CPU
		{09B7F84A-B5B9-49DC-B6B4-200B9417EC45}.Release|Any CPU.ActiveCfg = Release|Any CPU
		{09B7F84A-B5B9-49DC-B6B4-200B9417EC45}.Release|Any CPU.Build.0 = Release|Any CPU
	EndGlobalSection
	GlobalSection(SolutionProperties) = preSolution
		HideSolutionNode = FALSE
	EndGlobalSection
	GlobalSection(ExtensibilityGlobals) = postSolution
		SolutionGuid = {EB786A52-0515-46C3-A6EF-44AD9E524988}
	EndGlobalSection
EndGlobal
